
Microsoft Visual Studio Solution File, Format Version 12.00
# Visual Studio Version 17
VisualStudioVersion = 17.4.33103.184
MinimumVisualStudioVersion = 10.0.40219.1
Project("{2150E333-8FDC-42A3-9474-1A3956D46DE8}") = "ApiGateways", "ApiGateways", "{3F7AED4D-0917-41C0-AC88-14904362B7F9}"
EndProject
Project("{2150E333-8FDC-42A3-9474-1A3956D46DE8}") = "BuildingBlocks", "BuildingBlocks", "{17D50BE0-88D2-4E2C-B4DB-F86214BC064F}"
EndProject
Project("{2150E333-8FDC-42A3-9474-1A3956D46DE8}") = "Services", "Services", "{F7393CC0-6028-4243-ADF0-BC58126AA177}"
EndProject
Project("{2150E333-8FDC-42A3-9474-1A3956D46DE8}") = "IdentityUser", "IdentityUser", "{A8C50D0B-FEFD-426A-B738-F97461C8340E}"
EndProject
Project("{9A19103F-16F7-4668-BE54-9A1E7A4F7556}") = "Identity.API", "Services\IdentityUser\Identity.API\Identity.API.csproj", "{AD38559B-FAA9-4F2A-8351-51C643C08EB3}"
EndProject
Project("{9A19103F-16F7-4668-BE54-9A1E7A4F7556}") = "OcelotApiGw", "ApiGateways\OcelotApiGw\OcelotApiGw.csproj", "{21774EF6-3287-457E-B9C3-41B87245C5C7}"
EndProject
Project("{9A19103F-16F7-4668-BE54-9A1E7A4F7556}") = "EventBus.Messages", "BuildingBlocks\EventBus.Messages\EventBus.Messages.csproj", "{FD411741-FC4E-458C-9019-B4FE5FE209E8}"
EndProject
Project("{E53339B2-1760-4266-BCC7-CA923CBCF16C}") = "docker-compose", "docker-compose.dcproj", "{0A258E5D-BEA2-4255-9F82-0072951183D3}"
EndProject
Project("{9A19103F-16F7-4668-BE54-9A1E7A4F7556}") = "DataAccess", "Services\IdentityUser\DataAccess\DataAccess.csproj", "{0964AA0E-36E3-42D3-99A9-32D6C1B365EA}"
EndProject
Project("{2150E333-8FDC-42A3-9474-1A3956D46DE8}") = "Dictionary", "Dictionary", "{5C4934EB-B276-4208-B1C5-AF9D057A8BDE}"
EndProject
Project("{9A19103F-16F7-4668-BE54-9A1E7A4F7556}") = "Dictionary.API", "Services\Dictionary\Dictionary.API\Dictionary.API.csproj", "{1F3E4D34-99C7-46BB-B83D-3C3521F5FA5D}"
EndProject
Project("{9A19103F-16F7-4668-BE54-9A1E7A4F7556}") = "UserManagement.API", "Services\IdentityUser\UserManagement.API\UserManagement.API.csproj", "{F9367A6A-74E1-4CFB-8A83-FDDA7EE6E654}"
EndProject
Project("{2150E333-8FDC-42A3-9474-1A3956D46DE8}") = "Web Apps", "Web Apps", "{BF1CBC5E-7437-47E4-AD43-7CA60D56B3A5}"
EndProject
Project("{9A19103F-16F7-4668-BE54-9A1E7A4F7556}") = "WebSPA", "Web Apps\WebSPA\WebSPA.csproj", "{EB721F23-3F45-4B9B-BF6E-FED622978EC5}"
EndProject
Project("{FAE04EC0-301F-11D3-BF4B-00C04F79EFBC}") = "WebStatus", "Web Apps\WebStatus\WebStatus.csproj", "{DB0D078D-5E85-4969-9D3B-F5EFE945CB7E}"
EndProject
Global
	GlobalSection(SolutionConfigurationPlatforms) = preSolution
		Debug|Any CPU = Debug|Any CPU
		Release|Any CPU = Release|Any CPU
	EndGlobalSection
	GlobalSection(ProjectConfigurationPlatforms) = postSolution
		{AD38559B-FAA9-4F2A-8351-51C643C08EB3}.Debug|Any CPU.ActiveCfg = Debug|Any CPU
		{AD38559B-FAA9-4F2A-8351-51C643C08EB3}.Debug|Any CPU.Build.0 = Debug|Any CPU
		{AD38559B-FAA9-4F2A-8351-51C643C08EB3}.Release|Any CPU.ActiveCfg = Release|Any CPU
		{AD38559B-FAA9-4F2A-8351-51C643C08EB3}.Release|Any CPU.Build.0 = Release|Any CPU
		{21774EF6-3287-457E-B9C3-41B87245C5C7}.Debug|Any CPU.ActiveCfg = Debug|Any CPU
		{21774EF6-3287-457E-B9C3-41B87245C5C7}.Debug|Any CPU.Build.0 = Debug|Any CPU
		{21774EF6-3287-457E-B9C3-41B87245C5C7}.Release|Any CPU.ActiveCfg = Release|Any CPU
		{21774EF6-3287-457E-B9C3-41B87245C5C7}.Release|Any CPU.Build.0 = Release|Any CPU
		{FD411741-FC4E-458C-9019-B4FE5FE209E8}.Debug|Any CPU.ActiveCfg = Debug|Any CPU
		{FD411741-FC4E-458C-9019-B4FE5FE209E8}.Debug|Any CPU.Build.0 = Debug|Any CPU
		{FD411741-FC4E-458C-9019-B4FE5FE209E8}.Release|Any CPU.ActiveCfg = Release|Any CPU
		{FD411741-FC4E-458C-9019-B4FE5FE209E8}.Release|Any CPU.Build.0 = Release|Any CPU
		{0A258E5D-BEA2-4255-9F82-0072951183D3}.Debug|Any CPU.ActiveCfg = Debug|Any CPU
		{0A258E5D-BEA2-4255-9F82-0072951183D3}.Debug|Any CPU.Build.0 = Debug|Any CPU
		{0A258E5D-BEA2-4255-9F82-0072951183D3}.Release|Any CPU.ActiveCfg = Release|Any CPU
		{0A258E5D-BEA2-4255-9F82-0072951183D3}.Release|Any CPU.Build.0 = Release|Any CPU
		{0964AA0E-36E3-42D3-99A9-32D6C1B365EA}.Debug|Any CPU.ActiveCfg = Debug|Any CPU
		{0964AA0E-36E3-42D3-99A9-32D6C1B365EA}.Debug|Any CPU.Build.0 = Debug|Any CPU
		{0964AA0E-36E3-42D3-99A9-32D6C1B365EA}.Release|Any CPU.ActiveCfg = Release|Any CPU
		{0964AA0E-36E3-42D3-99A9-32D6C1B365EA}.Release|Any CPU.Build.0 = Release|Any CPU
		{1F3E4D34-99C7-46BB-B83D-3C3521F5FA5D}.Debug|Any CPU.ActiveCfg = Debug|Any CPU
		{1F3E4D34-99C7-46BB-B83D-3C3521F5FA5D}.Debug|Any CPU.Build.0 = Debug|Any CPU
		{1F3E4D34-99C7-46BB-B83D-3C3521F5FA5D}.Release|Any CPU.ActiveCfg = Release|Any CPU
		{1F3E4D34-99C7-46BB-B83D-3C3521F5FA5D}.Release|Any CPU.Build.0 = Release|Any CPU
		{F9367A6A-74E1-4CFB-8A83-FDDA7EE6E654}.Debug|Any CPU.ActiveCfg = Debug|Any CPU
		{F9367A6A-74E1-4CFB-8A83-FDDA7EE6E654}.Debug|Any CPU.Build.0 = Debug|Any CPU
		{F9367A6A-74E1-4CFB-8A83-FDDA7EE6E654}.Release|Any CPU.ActiveCfg = Release|Any CPU
		{F9367A6A-74E1-4CFB-8A83-FDDA7EE6E654}.Release|Any CPU.Build.0 = Release|Any CPU
		{EB721F23-3F45-4B9B-BF6E-FED622978EC5}.Debug|Any CPU.ActiveCfg = Debug|Any CPU
		{EB721F23-3F45-4B9B-BF6E-FED622978EC5}.Debug|Any CPU.Build.0 = Debug|Any CPU
		{EB721F23-3F45-4B9B-BF6E-FED622978EC5}.Release|Any CPU.ActiveCfg = Release|Any CPU
		{EB721F23-3F45-4B9B-BF6E-FED622978EC5}.Release|Any CPU.Build.0 = Release|Any CPU
		{DB0D078D-5E85-4969-9D3B-F5EFE945CB7E}.Debug|Any CPU.ActiveCfg = Debug|Any CPU
		{DB0D078D-5E85-4969-9D3B-F5EFE945CB7E}.Debug|Any CPU.Build.0 = Debug|Any CPU
		{DB0D078D-5E85-4969-9D3B-F5EFE945CB7E}.Release|Any CPU.ActiveCfg = Release|Any CPU
		{DB0D078D-5E85-4969-9D3B-F5EFE945CB7E}.Release|Any CPU.Build.0 = Release|Any CPU
	EndGlobalSection
	GlobalSection(SolutionProperties) = preSolution
		HideSolutionNode = FALSE
	EndGlobalSection
	GlobalSection(NestedProjects) = preSolution
		{A8C50D0B-FEFD-426A-B738-F97461C8340E} = {F7393CC0-6028-4243-ADF0-BC58126AA177}
		{AD38559B-FAA9-4F2A-8351-51C643C08EB3} = {A8C50D0B-FEFD-426A-B738-F97461C8340E}
		{21774EF6-3287-457E-B9C3-41B87245C5C7} = {3F7AED4D-0917-41C0-AC88-14904362B7F9}
		{FD411741-FC4E-458C-9019-B4FE5FE209E8} = {17D50BE0-88D2-4E2C-B4DB-F86214BC064F}
		{0964AA0E-36E3-42D3-99A9-32D6C1B365EA} = {A8C50D0B-FEFD-426A-B738-F97461C8340E}
		{5C4934EB-B276-4208-B1C5-AF9D057A8BDE} = {F7393CC0-6028-4243-ADF0-BC58126AA177}
		{1F3E4D34-99C7-46BB-B83D-3C3521F5FA5D} = {5C4934EB-B276-4208-B1C5-AF9D057A8BDE}
		{F9367A6A-74E1-4CFB-8A83-FDDA7EE6E654} = {A8C50D0B-FEFD-426A-B738-F97461C8340E}
		{EB721F23-3F45-4B9B-BF6E-FED622978EC5} = {BF1CBC5E-7437-47E4-AD43-7CA60D56B3A5}
		{DB0D078D-5E85-4969-9D3B-F5EFE945CB7E} = {BF1CBC5E-7437-47E4-AD43-7CA60D56B3A5}
	EndGlobalSection
	GlobalSection(ExtensibilityGlobals) = postSolution
		SolutionGuid = {F8591D82-4480-461F-8F44-74CC713172A5}
	EndGlobalSection
EndGlobal
